
Microsoft Visual Studio Solution File, Format Version 12.00
# Visual Studio 2012
Project("{FAE04EC0-301F-11D3-BF4B-00C04F79EFBC}") = "INF2DProjectsDLL", "INF2DProjects\INF2DProjectsDLL.csproj", "{243CE7A4-8381-4F61-AF80-6A895ACD11FC}"
EndProject
Project("{FAE04EC0-301F-11D3-BF4B-00C04F79EFBC}") = "Project1", "Project1\Project1.csproj", "{3B009747-22CB-4495-BC7B-64821B354099}"
EndProject
Project("{FAE04EC0-301F-11D3-BF4B-00C04F79EFBC}") = "AD2", "AD2\AD2.csproj", "{9ED7F3C2-5147-485D-B390-5F10B9097A9A}"
EndProject
Global
	GlobalSection(SolutionConfigurationPlatforms) = preSolution
		Debug|Any CPU = Debug|Any CPU
		Release|Any CPU = Release|Any CPU
	EndGlobalSection
	GlobalSection(ProjectConfigurationPlatforms) = postSolution
		{243CE7A4-8381-4F61-AF80-6A895ACD11FC}.Debug|Any CPU.ActiveCfg = Debug|Any CPU
		{243CE7A4-8381-4F61-AF80-6A895ACD11FC}.Debug|Any CPU.Build.0 = Debug|Any CPU
		{243CE7A4-8381-4F61-AF80-6A895ACD11FC}.Release|Any CPU.ActiveCfg = Release|Any CPU
		{243CE7A4-8381-4F61-AF80-6A895ACD11FC}.Release|Any CPU.Build.0 = Release|Any CPU
		{3B009747-22CB-4495-BC7B-64821B354099}.Debug|Any CPU.ActiveCfg = Debug|Any CPU
		{3B009747-22CB-4495-BC7B-64821B354099}.Debug|Any CPU.Build.0 = Debug|Any CPU
		{3B009747-22CB-4495-BC7B-64821B354099}.Release|Any CPU.ActiveCfg = Release|Any CPU
		{3B009747-22CB-4495-BC7B-64821B354099}.Release|Any CPU.Build.0 = Release|Any CPU
		{9ED7F3C2-5147-485D-B390-5F10B9097A9A}.Debug|Any CPU.ActiveCfg = Debug|Any CPU
		{9ED7F3C2-5147-485D-B390-5F10B9097A9A}.Debug|Any CPU.Build.0 = Debug|Any CPU
		{9ED7F3C2-5147-485D-B390-5F10B9097A9A}.Release|Any CPU.ActiveCfg = Release|Any CPU
		{9ED7F3C2-5147-485D-B390-5F10B9097A9A}.Release|Any CPU.Build.0 = Release|Any CPU
	EndGlobalSection
	GlobalSection(SolutionProperties) = preSolution
		HideSolutionNode = FALSE
	EndGlobalSection
EndGlobal
